// !$*UTF8*$!
{
	archiveVersion = 1;
	classes = {
	};
	objectVersion = 77;
	objects = {

/* Begin PBXBuildFile section */
		ADC657A62DFD47A200D3E786 /* SnapKit in Frameworks */ = {isa = PBXBuildFile; productRef = ADC657A52DFD47A200D3E786 /* SnapKit */; };
		ADC657A92DFD47A900D3E786 /* Then in Frameworks */ = {isa = PBXBuildFile; productRef = ADC657A82DFD47A900D3E786 /* Then */; };
		ADC657CC2DFD489900D3E786 /* RxBlocking in Frameworks */ = {isa = PBXBuildFile; productRef = ADC657CB2DFD489900D3E786 /* RxBlocking */; };
		ADC657CE2DFD489900D3E786 /* RxCocoa in Frameworks */ = {isa = PBXBuildFile; productRef = ADC657CD2DFD489900D3E786 /* RxCocoa */; };
		ADC657D02DFD489900D3E786 /* RxRelay in Frameworks */ = {isa = PBXBuildFile; productRef = ADC657CF2DFD489900D3E786 /* RxRelay */; };
		ADC657D22DFD489900D3E786 /* RxSwift in Frameworks */ = {isa = PBXBuildFile; productRef = ADC657D12DFD489900D3E786 /* RxSwift */; };
/* End PBXBuildFile section */

/* Begin PBXFileReference section */
		AD237DAF2DFC16C200628039 /* PicMate.app */ = {isa = PBXFileReference; explicitFileType = wrapper.application; includeInIndex = 0; path = PicMate.app; sourceTree = BUILT_PRODUCTS_DIR; };
/* End PBXFileReference section */

/* Begin PBXFileSystemSynchronizedBuildFileExceptionSet section */
		AD237DC12DFC16C400628039 /* Exceptions for "PicMate" folder in "PicMate" target */ = {
			isa = PBXFileSystemSynchronizedBuildFileExceptionSet;
			membershipExceptions = (
				Resources/Info.plist,
			);
			target = AD237DAE2DFC16C200628039 /* PicMate */;
		};
/* End PBXFileSystemSynchronizedBuildFileExceptionSet section */

/* Begin PBXFileSystemSynchronizedRootGroup section */
		AD237DB12DFC16C200628039 /* PicMate */ = {
			isa = PBXFileSystemSynchronizedRootGroup;
			exceptions = (
				AD237DC12DFC16C400628039 /* Exceptions for "PicMate" folder in "PicMate" target */,
			);
			path = PicMate;
			sourceTree = "<group>";
		};
/* End PBXFileSystemSynchronizedRootGroup section */

/* Begin PBXFrameworksBuildPhase section */
		AD237DAC2DFC16C200628039 /* Frameworks */ = {
			isa = PBXFrameworksBuildPhase;
			buildActionMask = 2147483647;
			files = (
				ADC657D22DFD489900D3E786 /* RxSwift in Frameworks */,
				ADC657D02DFD489900D3E786 /* RxRelay in Frameworks */,
				ADC657A62DFD47A200D3E786 /* SnapKit in Frameworks */,
				ADC657CC2DFD489900D3E786 /* RxBlocking in Frameworks */,
				ADC657CE2DFD489900D3E786 /* RxCocoa in Frameworks */,
				ADC657A92DFD47A900D3E786 /* Then in Frameworks */,
			);
			runOnlyForDeploymentPostprocessing = 0;
		};
/* End PBXFrameworksBuildPhase section */

/* Begin PBXGroup section */
		AD237DA62DFC16C200628039 = {
			isa = PBXGroup;
			children = (
				AD237DB12DFC16C200628039 /* PicMate */,
				AD237DB02DFC16C200628039 /* Products */,
			);
			sourceTree = "<group>";
		};
		AD237DB02DFC16C200628039 /* Products */ = {
			isa = PBXGroup;
			children = (
				AD237DAF2DFC16C200628039 /* PicMate.app */,
			);
			name = Products;
			sourceTree = "<group>";
		};
/* End PBXGroup section */

/* Begin PBXNativeTarget section */
		AD237DAE2DFC16C200628039 /* PicMate */ = {
			isa = PBXNativeTarget;
			buildConfigurationList = AD237DC22DFC16C400628039 /* Build configuration list for PBXNativeTarget "PicMate" */;
			buildPhases = (
				AD237DAB2DFC16C200628039 /* Sources */,
				AD237DAC2DFC16C200628039 /* Frameworks */,
				AD237DAD2DFC16C200628039 /* Resources */,
			);
			buildRules = (
			);
			dependencies = (
			);
			fileSystemSynchronizedGroups = (
				AD237DB12DFC16C200628039 /* PicMate */,
			);
			name = PicMate;
			packageProductDependencies = (
				ADC657A52DFD47A200D3E786 /* SnapKit */,
				ADC657A82DFD47A900D3E786 /* Then */,
				ADC657CB2DFD489900D3E786 /* RxBlocking */,
				ADC657CD2DFD489900D3E786 /* RxCocoa */,
				ADC657CF2DFD489900D3E786 /* RxRelay */,
				ADC657D12DFD489900D3E786 /* RxSwift */,
			);
			productName = PicMate;
			productReference = AD237DAF2DFC16C200628039 /* PicMate.app */;
			productType = "com.apple.product-type.application";
		};
/* End PBXNativeTarget section */

/* Begin PBXProject section */
		AD237DA72DFC16C200628039 /* Project object */ = {
			isa = PBXProject;
			attributes = {
				BuildIndependentTargetsInParallel = 1;
				LastSwiftUpdateCheck = 1600;
				LastUpgradeCheck = 1600;
				TargetAttributes = {
					AD237DAE2DFC16C200628039 = {
						CreatedOnToolsVersion = 16.0;
					};
				};
			};
			buildConfigurationList = AD237DAA2DFC16C200628039 /* Build configuration list for PBXProject "PicMate" */;
			developmentRegion = ko;
			hasScannedForEncodings = 0;
			knownRegions = (
				en,
				Base,
				ko,
			);
			mainGroup = AD237DA62DFC16C200628039;
			minimizedProjectReferenceProxies = 1;
			packageReferences = (
				ADC657A42DFD47A200D3E786 /* XCRemoteSwiftPackageReference "SnapKit" */,
				ADC657A72DFD47A900D3E786 /* XCRemoteSwiftPackageReference "Then" */,
				ADC657CA2DFD489900D3E786 /* XCRemoteSwiftPackageReference "RxSwift" */,
			);
			preferredProjectObjectVersion = 77;
			productRefGroup = AD237DB02DFC16C200628039 /* Products */;
			projectDirPath = "";
			projectRoot = "";
			targets = (
				AD237DAE2DFC16C200628039 /* PicMate */,
			);
		};
/* End PBXProject section */

/* Begin PBXResourcesBuildPhase section */
		AD237DAD2DFC16C200628039 /* Resources */ = {
			isa = PBXResourcesBuildPhase;
			buildActionMask = 2147483647;
			files = (
			);
			runOnlyForDeploymentPostprocessing = 0;
		};
/* End PBXResourcesBuildPhase section */

/* Begin PBXSourcesBuildPhase section */
		AD237DAB2DFC16C200628039 /* Sources */ = {
			isa = PBXSourcesBuildPhase;
			buildActionMask = 2147483647;
			files = (
			);
			runOnlyForDeploymentPostprocessing = 0;
		};
/* End PBXSourcesBuildPhase section */

/* Begin XCBuildConfiguration section */
		AD237DC32DFC16C400628039 /* Debug */ = {
			isa = XCBuildConfiguration;
			buildSettings = {
				ASSETCATALOG_COMPILER_APPICON_NAME = AppIcon;
				ASSETCATALOG_COMPILER_GLOBAL_ACCENT_COLOR_NAME = AccentColor;
				CODE_SIGN_STYLE = Automatic;
				CURRENT_PROJECT_VERSION = 1;
				DEVELOPMENT_TEAM = 63K349422G;
				GENERATE_INFOPLIST_FILE = YES;
				INFOPLIST_FILE = PicMate/Resources/Info.plist;
				INFOPLIST_KEY_NSPhotoLibraryUsageDescription = "사진";
				INFOPLIST_KEY_UIApplicationSupportsIndirectInputEvents = YES;
				INFOPLIST_KEY_UILaunchStoryboardName = LaunchScreen;
				INFOPLIST_KEY_UISupportedInterfaceOrientations = UIInterfaceOrientationPortrait;
				INFOPLIST_KEY_UISupportedInterfaceOrientations_iPad = "UIInterfaceOrientationLandscapeLeft UIInterfaceOrientationLandscapeRight UIInterfaceOrientationPortrait UIInterfaceOrientationPortraitUpsideDown";
				IPHONEOS_DEPLOYMENT_TARGET = 16.0;
				LD_RUNPATH_SEARCH_PATHS = (
					"$(inherited)",
					"@executable_path/Frameworks",
				);
				MARKETING_VERSION = 1.0;
				PRODUCT_BUNDLE_IDENTIFIER = anyong.PicMate;
				PRODUCT_NAME = "$(TARGET_NAME)";
				SUPPORTED_PLATFORMS = "iphoneos iphonesimulator";
				SUPPORTS_MACCATALYST = NO;
				SUPPORTS_MAC_DESIGNED_FOR_IPHONE_IPAD = NO;
				SUPPORTS_XR_DESIGNED_FOR_IPHONE_IPAD = NO;
				SWIFT_EMIT_LOC_STRINGS = YES;
				SWIFT_VERSION = 5.0;
				TARGETED_DEVICE_FAMILY = 1;
			};
			name = Debug;
		};
		AD237DC42DFC16C400628039 /* Release */ = {
			isa = XCBuildConfiguration;
			buildSettings = {
				ASSETCATALOG_COMPILER_APPICON_NAME = AppIcon;
				ASSETCATALOG_COMPILER_GLOBAL_ACCENT_COLOR_NAME = AccentColor;
				CODE_SIGN_STYLE = Automatic;
				CURRENT_PROJECT_VERSION = 1;
				DEVELOPMENT_TEAM = 63K349422G;
				GENERATE_INFOPLIST_FILE = YES;
				INFOPLIST_FILE = PicMate/Resources/Info.plist;
				INFOPLIST_KEY_NSPhotoLibraryUsageDescription = "사진";
				INFOPLIST_KEY_UIApplicationSupportsIndirectInputEvents = YES;
				INFOPLIST_KEY_UILaunchStoryboardName = LaunchScreen;
				INFOPLIST_KEY_UISupportedInterfaceOrientations = UIInterfaceOrientationPortrait;
				INFOPLIST_KEY_UISupportedInterfaceOrientations_iPad = "UIInterfaceOrientationLandscapeLeft UIInterfaceOrientationLandscapeRight UIInterfaceOrientationPortrait UIInterfaceOrientationPortraitUpsideDown";
				IPHONEOS_DEPLOYMENT_TARGET = 16.0;
				LD_RUNPATH_SEARCH_PATHS = (
					"$(inherited)",
					"@executable_path/Frameworks",
				);
				MARKETING_VERSION = 1.0;
				PRODUCT_BUNDLE_IDENTIFIER = anyong.PicMate;
				PRODUCT_NAME = "$(TARGET_NAME)";
				SUPPORTED_PLATFORMS = "iphoneos iphonesimulator";
				SUPPORTS_MACCATALYST = NO;
				SUPPORTS_MAC_DESIGNED_FOR_IPHONE_IPAD = NO;
				SUPPORTS_XR_DESIGNED_FOR_IPHONE_IPAD = NO;
				SWIFT_EMIT_LOC_STRINGS = YES;
				SWIFT_VERSION = 5.0;
				TARGETED_DEVICE_FAMILY = 1;
			};
			name = Release;
		};
		AD237DC52DFC16C400628039 /* Debug */ = {
			isa = XCBuildConfiguration;
			buildSettings = {
				ALWAYS_SEARCH_USER_PATHS = NO;
				ASSETCATALOG_COMPILER_GENERATE_SWIFT_ASSET_SYMBOL_EXTENSIONS = YES;
				CLANG_ANALYZER_LOCALIZABILITY_NONLOCALIZED = YES;
				CLANG_ANALYZER_NONNULL = YES;
				CLANG_ANALYZER_NUMBER_OBJECT_CONVERSION = YES_AGGRESSIVE;
				CLANG_CXX_LANGUAGE_STANDARD = "gnu++20";
				CLANG_ENABLE_MODULES = YES;
				CLANG_ENABLE_OBJC_ARC = YES;
				CLANG_ENABLE_OBJC_WEAK = YES;
				CLANG_WARN_BLOCK_CAPTURE_AUTORELEASING = YES;
				CLANG_WARN_BOOL_CONVERSION = YES;
				CLANG_WARN_COMMA = YES;
				CLANG_WARN_CONSTANT_CONVERSION = YES;
				CLANG_WARN_DEPRECATED_OBJC_IMPLEMENTATIONS = YES;
				CLANG_WARN_DIRECT_OBJC_ISA_USAGE = YES_ERROR;
				CLANG_WARN_DOCUMENTATION_COMMENTS = YES;
				CLANG_WARN_EMPTY_BODY = YES;
				CLANG_WARN_ENUM_CONVERSION = YES;
				CLANG_WARN_INFINITE_RECURSION = YES;
				CLANG_WARN_INT_CONVERSION = YES;
				CLANG_WARN_NON_LITERAL_NULL_CONVERSION = YES;
				CLANG_WARN_OBJC_IMPLICIT_RETAIN_SELF = YES;
				CLANG_WARN_OBJC_LITERAL_CONVERSION = YES;
				CLANG_WARN_OBJC_ROOT_CLASS = YES_ERROR;
				CLANG_WARN_QUOTED_INCLUDE_IN_FRAMEWORK_HEADER = YES;
				CLANG_WARN_RANGE_LOOP_ANALYSIS = YES;
				CLANG_WARN_STRICT_PROTOTYPES = YES;
				CLANG_WARN_SUSPICIOUS_MOVE = YES;
				CLANG_WARN_UNGUARDED_AVAILABILITY = YES_AGGRESSIVE;
				CLANG_WARN_UNREACHABLE_CODE = YES;
				CLANG_WARN__DUPLICATE_METHOD_MATCH = YES;
				COPY_PHASE_STRIP = NO;
				DEBUG_INFORMATION_FORMAT = dwarf;
				ENABLE_STRICT_OBJC_MSGSEND = YES;
				ENABLE_TESTABILITY = YES;
				ENABLE_USER_SCRIPT_SANDBOXING = YES;
				GCC_C_LANGUAGE_STANDARD = gnu17;
				GCC_DYNAMIC_NO_PIC = NO;
				GCC_NO_COMMON_BLOCKS = YES;
				GCC_OPTIMIZATION_LEVEL = 0;
				GCC_PREPROCESSOR_DEFINITIONS = (
					"DEBUG=1",
					"$(inherited)",
				);
				GCC_WARN_64_TO_32_BIT_CONVERSION = YES;
				GCC_WARN_ABOUT_RETURN_TYPE = YES_ERROR;
				GCC_WARN_UNDECLARED_SELECTOR = YES;
				GCC_WARN_UNINITIALIZED_AUTOS = YES_AGGRESSIVE;
				GCC_WARN_UNUSED_FUNCTION = YES;
				GCC_WARN_UNUSED_VARIABLE = YES;
				IPHONEOS_DEPLOYMENT_TARGET = 18.0;
				LOCALIZATION_PREFERS_STRING_CATALOGS = YES;
				MTL_ENABLE_DEBUG_INFO = INCLUDE_SOURCE;
				MTL_FAST_MATH = YES;
				ONLY_ACTIVE_ARCH = YES;
				SDKROOT = iphoneos;
				SWIFT_ACTIVE_COMPILATION_CONDITIONS = "DEBUG $(inherited)";
				SWIFT_OPTIMIZATION_LEVEL = "-Onone";
			};
			name = Debug;
		};
		AD237DC62DFC16C400628039 /* Release */ = {
			isa = XCBuildConfiguration;
			buildSettings = {
				ALWAYS_SEARCH_USER_PATHS = NO;
				ASSETCATALOG_COMPILER_GENERATE_SWIFT_ASSET_SYMBOL_EXTENSIONS = YES;
				CLANG_ANALYZER_LOCALIZABILITY_NONLOCALIZED = YES;
				CLANG_ANALYZER_NONNULL = YES;
				CLANG_ANALYZER_NUMBER_OBJECT_CONVERSION = YES_AGGRESSIVE;
				CLANG_CXX_LANGUAGE_STANDARD = "gnu++20";
				CLANG_ENABLE_MODULES = YES;
				CLANG_ENABLE_OBJC_ARC = YES;
				CLANG_ENABLE_OBJC_WEAK = YES;
				CLANG_WARN_BLOCK_CAPTURE_AUTORELEASING = YES;
				CLANG_WARN_BOOL_CONVERSION = YES;
				CLANG_WARN_COMMA = YES;
				CLANG_WARN_CONSTANT_CONVERSION = YES;
				CLANG_WARN_DEPRECATED_OBJC_IMPLEMENTATIONS = YES;
				CLANG_WARN_DIRECT_OBJC_ISA_USAGE = YES_ERROR;
				CLANG_WARN_DOCUMENTATION_COMMENTS = YES;
				CLANG_WARN_EMPTY_BODY = YES;
				CLANG_WARN_ENUM_CONVERSION = YES;
				CLANG_WARN_INFINITE_RECURSION = YES;
				CLANG_WARN_INT_CONVERSION = YES;
				CLANG_WARN_NON_LITERAL_NULL_CONVERSION = YES;
				CLANG_WARN_OBJC_IMPLICIT_RETAIN_SELF = YES;
				CLANG_WARN_OBJC_LITERAL_CONVERSION = YES;
				CLANG_WARN_OBJC_ROOT_CLASS = YES_ERROR;
				CLANG_WARN_QUOTED_INCLUDE_IN_FRAMEWORK_HEADER = YES;
				CLANG_WARN_RANGE_LOOP_ANALYSIS = YES;
				CLANG_WARN_STRICT_PROTOTYPES = YES;
				CLANG_WARN_SUSPICIOUS_MOVE = YES;
				CLANG_WARN_UNGUARDED_AVAILABILITY = YES_AGGRESSIVE;
				CLANG_WARN_UNREACHABLE_CODE = YES;
				CLANG_WARN__DUPLICATE_METHOD_MATCH = YES;
				COPY_PHASE_STRIP = NO;
				DEBUG_INFORMATION_FORMAT = "dwarf-with-dsym";
				ENABLE_NS_ASSERTIONS = NO;
				ENABLE_STRICT_OBJC_MSGSEND = YES;
				ENABLE_USER_SCRIPT_SANDBOXING = YES;
				GCC_C_LANGUAGE_STANDARD = gnu17;
				GCC_NO_COMMON_BLOCKS = YES;
				GCC_WARN_64_TO_32_BIT_CONVERSION = YES;
				GCC_WARN_ABOUT_RETURN_TYPE = YES_ERROR;
				GCC_WARN_UNDECLARED_SELECTOR = YES;
				GCC_WARN_UNINITIALIZED_AUTOS = YES_AGGRESSIVE;
				GCC_WARN_UNUSED_FUNCTION = YES;
				GCC_WARN_UNUSED_VARIABLE = YES;
				IPHONEOS_DEPLOYMENT_TARGET = 18.0;
				LOCALIZATION_PREFERS_STRING_CATALOGS = YES;
				MTL_ENABLE_DEBUG_INFO = NO;
				MTL_FAST_MATH = YES;
				SDKROOT = iphoneos;
				SWIFT_COMPILATION_MODE = wholemodule;
				VALIDATE_PRODUCT = YES;
			};
			name = Release;
		};
/* End XCBuildConfiguration section */

/* Begin XCConfigurationList section */
		AD237DAA2DFC16C200628039 /* Build configuration list for PBXProject "PicMate" */ = {
			isa = XCConfigurationList;
			buildConfigurations = (
				AD237DC52DFC16C400628039 /* Debug */,
				AD237DC62DFC16C400628039 /* Release */,
			);
			defaultConfigurationIsVisible = 0;
			defaultConfigurationName = Debug;
		};
		AD237DC22DFC16C400628039 /* Build configuration list for PBXNativeTarget "PicMate" */ = {
			isa = XCConfigurationList;
			buildConfigurations = (
				AD237DC32DFC16C400628039 /* Debug */,
				AD237DC42DFC16C400628039 /* Release */,
			);
			defaultConfigurationIsVisible = 0;
			defaultConfigurationName = Debug;
		};
/* End XCConfigurationList section */

/* Begin XCRemoteSwiftPackageReference section */
		ADC657A42DFD47A200D3E786 /* XCRemoteSwiftPackageReference "SnapKit" */ = {
			isa = XCRemoteSwiftPackageReference;
			repositoryURL = "https://github.com/SnapKit/SnapKit.git";
			requirement = {
				kind = upToNextMajorVersion;
				minimumVersion = 5.7.1;
			};
		};
		ADC657A72DFD47A900D3E786 /* XCRemoteSwiftPackageReference "Then" */ = {
			isa = XCRemoteSwiftPackageReference;
			repositoryURL = "https://github.com/devxoul/Then";
			requirement = {
				kind = upToNextMajorVersion;
				minimumVersion = 3.0.0;
			};
		};
		ADC657CA2DFD489900D3E786 /* XCRemoteSwiftPackageReference "RxSwift" */ = {
			isa = XCRemoteSwiftPackageReference;
			repositoryURL = "https://github.com/ReactiveX/RxSwift.git";
			requirement = {
				kind = upToNextMajorVersion;
				minimumVersion = 6.9.0;
			};
		};
/* End XCRemoteSwiftPackageReference section */

/* Begin XCSwiftPackageProductDependency section */
		ADC657A52DFD47A200D3E786 /* SnapKit */ = {
			isa = XCSwiftPackageProductDependency;
			package = ADC657A42DFD47A200D3E786 /* XCRemoteSwiftPackageReference "SnapKit" */;
			productName = SnapKit;
		};
		ADC657A82DFD47A900D3E786 /* Then */ = {
			isa = XCSwiftPackageProductDependency;
			package = ADC657A72DFD47A900D3E786 /* XCRemoteSwiftPackageReference "Then" */;
			productName = Then;
		};
		ADC657CB2DFD489900D3E786 /* RxBlocking */ = {
			isa = XCSwiftPackageProductDependency;
			package = ADC657CA2DFD489900D3E786 /* XCRemoteSwiftPackageReference "RxSwift" */;
			productName = RxBlocking;
		};
		ADC657CD2DFD489900D3E786 /* RxCocoa */ = {
			isa = XCSwiftPackageProductDependency;
			package = ADC657CA2DFD489900D3E786 /* XCRemoteSwiftPackageReference "RxSwift" */;
			productName = RxCocoa;
		};
		ADC657CF2DFD489900D3E786 /* RxRelay */ = {
			isa = XCSwiftPackageProductDependency;
			package = ADC657CA2DFD489900D3E786 /* XCRemoteSwiftPackageReference "RxSwift" */;
			productName = RxRelay;
		};
		ADC657D12DFD489900D3E786 /* RxSwift */ = {
			isa = XCSwiftPackageProductDependency;
			package = ADC657CA2DFD489900D3E786 /* XCRemoteSwiftPackageReference "RxSwift" */;
			productName = RxSwift;
		};
/* End XCSwiftPackageProductDependency section */
	};
	rootObject = AD237DA72DFC16C200628039 /* Project object */;
}
